// !$*UTF8*$!
{
	archiveVersion = 1;
	classes = {
	};
	objectVersion = 51;
	objects = {

/* Begin PBXBuildFile section */
		148D048C24522C3600840A74 /* AppDelegate.swift in Sources */ = {isa = PBXBuildFile; fileRef = 148D048B24522C3600840A74 /* AppDelegate.swift */; };
		148D048E24522C3600840A74 /* SceneDelegate.swift in Sources */ = {isa = PBXBuildFile; fileRef = 148D048D24522C3600840A74 /* SceneDelegate.swift */; };
		148D049324522C3600840A74 /* Main.storyboard in Resources */ = {isa = PBXBuildFile; fileRef = 148D049124522C3600840A74 /* Main.storyboard */; };
		148D049524522C3D00840A74 /* Assets.xcassets in Resources */ = {isa = PBXBuildFile; fileRef = 148D049424522C3D00840A74 /* Assets.xcassets */; };
		148D049824522C3D00840A74 /* LaunchScreen.storyboard in Resources */ = {isa = PBXBuildFile; fileRef = 148D049624522C3D00840A74 /* LaunchScreen.storyboard */; };
		14D89AE4248869F2008381FF /* MainTabVC.swift in Sources */ = {isa = PBXBuildFile; fileRef = 14D89AE3248869F2008381FF /* MainTabVC.swift */; };
		14D89AE724886AEE008381FF /* LoginVC.swift in Sources */ = {isa = PBXBuildFile; fileRef = 14D89AE624886AEE008381FF /* LoginVC.swift */; };
		14D89AE924886B39008381FF /* SignUpVC.swift in Sources */ = {isa = PBXBuildFile; fileRef = 14D89AE824886B39008381FF /* SignUpVC.swift */; };
		14D89AEC24886C13008381FF /* FeedVC.swift in Sources */ = {isa = PBXBuildFile; fileRef = 14D89AEB24886C13008381FF /* FeedVC.swift */; };
		14D89AEE24886C54008381FF /* CommentVC.swift in Sources */ = {isa = PBXBuildFile; fileRef = 14D89AED24886C54008381FF /* CommentVC.swift */; };
		14D89AF124886CA3008381FF /* SearchVC.swift in Sources */ = {isa = PBXBuildFile; fileRef = 14D89AF024886CA3008381FF /* SearchVC.swift */; };
		14D89AF524886DB5008381FF /* UploadPostViewController.swift in Sources */ = {isa = PBXBuildFile; fileRef = 14D89AF424886DB5008381FF /* UploadPostViewController.swift */; };
		14D89AF724886DED008381FF /* SelectImageVC.swift in Sources */ = {isa = PBXBuildFile; fileRef = 14D89AF624886DED008381FF /* SelectImageVC.swift */; };
		14D89AF924886EA0008381FF /* NotificationsVC.swift in Sources */ = {isa = PBXBuildFile; fileRef = 14D89AF824886EA0008381FF /* NotificationsVC.swift */; };
		14D89AFD24886F32008381FF /* UserProfileVC.swift in Sources */ = {isa = PBXBuildFile; fileRef = 14D89AFC24886F32008381FF /* UserProfileVC.swift */; };
		14D89AFF24886FEB008381FF /* FollowLikeVC.swift in Sources */ = {isa = PBXBuildFile; fileRef = 14D89AFE24886FEB008381FF /* FollowLikeVC.swift */; };
		14D89B0124887014008381FF /* User.swift in Sources */ = {isa = PBXBuildFile; fileRef = 14D89B0024887014008381FF /* User.swift */; };
		14D89B0324887030008381FF /* Post.swift in Sources */ = {isa = PBXBuildFile; fileRef = 14D89B0224887030008381FF /* Post.swift */; };
		14D89B0524887057008381FF /* Comment.swift in Sources */ = {isa = PBXBuildFile; fileRef = 14D89B0424887057008381FF /* Comment.swift */; };
		14D89B0724887071008381FF /* Notificacion.swift in Sources */ = {isa = PBXBuildFile; fileRef = 14D89B0624887071008381FF /* Notificacion.swift */; };
		14D89B0A248880FE008381FF /* Extensions.swift in Sources */ = {isa = PBXBuildFile; fileRef = 14D89B09248880FE008381FF /* Extensions.swift */; };
		14D89B0C2488812F008381FF /* CustomImageView.swift in Sources */ = {isa = PBXBuildFile; fileRef = 14D89B0B2488812F008381FF /* CustomImageView.swift */; };
		14D89B0E2488814C008381FF /* Protocols.swift in Sources */ = {isa = PBXBuildFile; fileRef = 14D89B0D2488814C008381FF /* Protocols.swift */; };
		14D89B102488826A008381FF /* UserProfileHeader.swift in Sources */ = {isa = PBXBuildFile; fileRef = 14D89B0F2488826A008381FF /* UserProfileHeader.swift */; };
		14D89B1224888322008381FF /* SearchUserCell.swift in Sources */ = {isa = PBXBuildFile; fileRef = 14D89B1124888322008381FF /* SearchUserCell.swift */; };
		14D89B142488834A008381FF /* FollowLikeCell.swift in Sources */ = {isa = PBXBuildFile; fileRef = 14D89B132488834A008381FF /* FollowLikeCell.swift */; };
		14D89B162488846F008381FF /* SelectPhotoCell.swift in Sources */ = {isa = PBXBuildFile; fileRef = 14D89B152488846F008381FF /* SelectPhotoCell.swift */; };
		14D89B18248884C8008381FF /* SelectPhotoHeader.swift in Sources */ = {isa = PBXBuildFile; fileRef = 14D89B17248884C8008381FF /* SelectPhotoHeader.swift */; };
		14D89B1A248884F0008381FF /* UserPostCell.swift in Sources */ = {isa = PBXBuildFile; fileRef = 14D89B19248884F0008381FF /* UserPostCell.swift */; };
		14D89B1C2488852F008381FF /* FeedCell.swift in Sources */ = {isa = PBXBuildFile; fileRef = 14D89B1B2488852F008381FF /* FeedCell.swift */; };
		14D89B1E24888562008381FF /* DetailPost.swift in Sources */ = {isa = PBXBuildFile; fileRef = 14D89B1D24888562008381FF /* DetailPost.swift */; };
		14D89B212488867B008381FF /* CommentCell.swift in Sources */ = {isa = PBXBuildFile; fileRef = 14D89B202488867B008381FF /* CommentCell.swift */; };
		14D89B23248886DB008381FF /* CommentInputAccesoryView.swift in Sources */ = {isa = PBXBuildFile; fileRef = 14D89B22248886DB008381FF /* CommentInputAccesoryView.swift */; };
		14D89B252488874A008381FF /* InputTextView.swift in Sources */ = {isa = PBXBuildFile; fileRef = 14D89B242488874A008381FF /* InputTextView.swift */; };
		14D89B27248887B9008381FF /* NotificationCell.swift in Sources */ = {isa = PBXBuildFile; fileRef = 14D89B26248887B8008381FF /* NotificationCell.swift */; };
		14E4DC9D246A4DF100EEB9C4 /* GoogleService-Info.plist in Resources */ = {isa = PBXBuildFile; fileRef = 14E4DC9C246A4DF100EEB9C4 /* GoogleService-Info.plist */; };
		14E4DCA3246A54A100EEB9C4 /* Constants.swift in Sources */ = {isa = PBXBuildFile; fileRef = 14E4DCA2246A54A100EEB9C4 /* Constants.swift */; };
		52F06F9B20F62A2600E09A08 /* Pods_LessWaste.framework in Frameworks */ = {isa = PBXBuildFile; fileRef = 12301E73B7485B45008E5CB3 /* Pods_LessWaste.framework */; };
/* End PBXBuildFile section */

/* Begin PBXFileReference section */
		12301E73B7485B45008E5CB3 /* Pods_LessWaste.framework */ = {isa = PBXFileReference; explicitFileType = wrapper.framework; includeInIndex = 0; path = Pods_LessWaste.framework; sourceTree = BUILT_PRODUCTS_DIR; };
		148D048824522C3600840A74 /* LessWaste.app */ = {isa = PBXFileReference; explicitFileType = wrapper.application; includeInIndex = 0; path = LessWaste.app; sourceTree = BUILT_PRODUCTS_DIR; };
		148D048B24522C3600840A74 /* AppDelegate.swift */ = {isa = PBXFileReference; lastKnownFileType = sourcecode.swift; path = AppDelegate.swift; sourceTree = "<group>"; };
		148D048D24522C3600840A74 /* SceneDelegate.swift */ = {isa = PBXFileReference; lastKnownFileType = sourcecode.swift; path = SceneDelegate.swift; sourceTree = "<group>"; };
		148D049224522C3600840A74 /* Base */ = {isa = PBXFileReference; lastKnownFileType = file.storyboard; name = Base; path = Base.lproj/Main.storyboard; sourceTree = "<group>"; };
		148D049424522C3D00840A74 /* Assets.xcassets */ = {isa = PBXFileReference; lastKnownFileType = folder.assetcatalog; path = Assets.xcassets; sourceTree = "<group>"; };
		148D049724522C3D00840A74 /* Base */ = {isa = PBXFileReference; lastKnownFileType = file.storyboard; name = Base; path = Base.lproj/LaunchScreen.storyboard; sourceTree = "<group>"; };
		148D049924522C3D00840A74 /* Info.plist */ = {isa = PBXFileReference; lastKnownFileType = text.plist.xml; path = Info.plist; sourceTree = "<group>"; };
		14D89AE3248869F2008381FF /* MainTabVC.swift */ = {isa = PBXFileReference; lastKnownFileType = sourcecode.swift; path = MainTabVC.swift; sourceTree = "<group>"; };
		14D89AE624886AEE008381FF /* LoginVC.swift */ = {isa = PBXFileReference; lastKnownFileType = sourcecode.swift; path = LoginVC.swift; sourceTree = "<group>"; };
		14D89AE824886B39008381FF /* SignUpVC.swift */ = {isa = PBXFileReference; lastKnownFileType = sourcecode.swift; path = SignUpVC.swift; sourceTree = "<group>"; };
		14D89AEB24886C13008381FF /* FeedVC.swift */ = {isa = PBXFileReference; lastKnownFileType = sourcecode.swift; path = FeedVC.swift; sourceTree = "<group>"; };
		14D89AED24886C54008381FF /* CommentVC.swift */ = {isa = PBXFileReference; lastKnownFileType = sourcecode.swift; path = CommentVC.swift; sourceTree = "<group>"; };
		14D89AF024886CA3008381FF /* SearchVC.swift */ = {isa = PBXFileReference; lastKnownFileType = sourcecode.swift; path = SearchVC.swift; sourceTree = "<group>"; };
		14D89AF424886DB5008381FF /* UploadPostViewController.swift */ = {isa = PBXFileReference; lastKnownFileType = sourcecode.swift; path = UploadPostViewController.swift; sourceTree = "<group>"; };
		14D89AF624886DED008381FF /* SelectImageVC.swift */ = {isa = PBXFileReference; lastKnownFileType = sourcecode.swift; path = SelectImageVC.swift; sourceTree = "<group>"; };
		14D89AF824886EA0008381FF /* NotificationsVC.swift */ = {isa = PBXFileReference; lastKnownFileType = sourcecode.swift; path = NotificationsVC.swift; sourceTree = "<group>"; };
		14D89AFC24886F32008381FF /* UserProfileVC.swift */ = {isa = PBXFileReference; lastKnownFileType = sourcecode.swift; path = UserProfileVC.swift; sourceTree = "<group>"; };
		14D89AFE24886FEB008381FF /* FollowLikeVC.swift */ = {isa = PBXFileReference; lastKnownFileType = sourcecode.swift; path = FollowLikeVC.swift; sourceTree = "<group>"; };
		14D89B0024887014008381FF /* User.swift */ = {isa = PBXFileReference; lastKnownFileType = sourcecode.swift; path = User.swift; sourceTree = "<group>"; };
		14D89B0224887030008381FF /* Post.swift */ = {isa = PBXFileReference; lastKnownFileType = sourcecode.swift; path = Post.swift; sourceTree = "<group>"; };
		14D89B0424887057008381FF /* Comment.swift */ = {isa = PBXFileReference; lastKnownFileType = sourcecode.swift; path = Comment.swift; sourceTree = "<group>"; };
		14D89B0624887071008381FF /* Notificacion.swift */ = {isa = PBXFileReference; lastKnownFileType = sourcecode.swift; path = Notificacion.swift; sourceTree = "<group>"; };
		14D89B09248880FE008381FF /* Extensions.swift */ = {isa = PBXFileReference; lastKnownFileType = sourcecode.swift; path = Extensions.swift; sourceTree = "<group>"; };
		14D89B0B2488812F008381FF /* CustomImageView.swift */ = {isa = PBXFileReference; lastKnownFileType = sourcecode.swift; path = CustomImageView.swift; sourceTree = "<group>"; };
		14D89B0D2488814C008381FF /* Protocols.swift */ = {isa = PBXFileReference; lastKnownFileType = sourcecode.swift; path = Protocols.swift; sourceTree = "<group>"; };
		14D89B0F2488826A008381FF /* UserProfileHeader.swift */ = {isa = PBXFileReference; lastKnownFileType = sourcecode.swift; path = UserProfileHeader.swift; sourceTree = "<group>"; };
		14D89B1124888322008381FF /* SearchUserCell.swift */ = {isa = PBXFileReference; lastKnownFileType = sourcecode.swift; path = SearchUserCell.swift; sourceTree = "<group>"; };
		14D89B132488834A008381FF /* FollowLikeCell.swift */ = {isa = PBXFileReference; lastKnownFileType = sourcecode.swift; path = FollowLikeCell.swift; sourceTree = "<group>"; };
		14D89B152488846F008381FF /* SelectPhotoCell.swift */ = {isa = PBXFileReference; lastKnownFileType = sourcecode.swift; path = SelectPhotoCell.swift; sourceTree = "<group>"; };
		14D89B17248884C8008381FF /* SelectPhotoHeader.swift */ = {isa = PBXFileReference; lastKnownFileType = sourcecode.swift; path = SelectPhotoHeader.swift; sourceTree = "<group>"; };
		14D89B19248884F0008381FF /* UserPostCell.swift */ = {isa = PBXFileReference; lastKnownFileType = sourcecode.swift; path = UserPostCell.swift; sourceTree = "<group>"; };
		14D89B1B2488852F008381FF /* FeedCell.swift */ = {isa = PBXFileReference; lastKnownFileType = sourcecode.swift; path = FeedCell.swift; sourceTree = "<group>"; };
		14D89B1D24888562008381FF /* DetailPost.swift */ = {isa = PBXFileReference; lastKnownFileType = sourcecode.swift; path = DetailPost.swift; sourceTree = "<group>"; };
		14D89B202488867B008381FF /* CommentCell.swift */ = {isa = PBXFileReference; lastKnownFileType = sourcecode.swift; path = CommentCell.swift; sourceTree = "<group>"; };
		14D89B22248886DB008381FF /* CommentInputAccesoryView.swift */ = {isa = PBXFileReference; lastKnownFileType = sourcecode.swift; path = CommentInputAccesoryView.swift; sourceTree = "<group>"; };
		14D89B242488874A008381FF /* InputTextView.swift */ = {isa = PBXFileReference; lastKnownFileType = sourcecode.swift; path = InputTextView.swift; sourceTree = "<group>"; };
		14D89B26248887B8008381FF /* NotificationCell.swift */ = {isa = PBXFileReference; lastKnownFileType = sourcecode.swift; path = NotificationCell.swift; sourceTree = "<group>"; };
		14E4DC9C246A4DF100EEB9C4 /* GoogleService-Info.plist */ = {isa = PBXFileReference; fileEncoding = 4; lastKnownFileType = text.plist.xml; path = "GoogleService-Info.plist"; sourceTree = "<group>"; };
		14E4DCA2246A54A100EEB9C4 /* Constants.swift */ = {isa = PBXFileReference; lastKnownFileType = sourcecode.swift; path = Constants.swift; sourceTree = "<group>"; };
		184D87D3B78CE74E0DB24EA5 /* Pods-LessWaste.release.xcconfig */ = {isa = PBXFileReference; includeInIndex = 1; lastKnownFileType = text.xcconfig; name = "Pods-LessWaste.release.xcconfig"; path = "Target Support Files/Pods-LessWaste/Pods-LessWaste.release.xcconfig"; sourceTree = "<group>"; };
		B8E3F32341FEA2E6E62C50FD /* Pods-LessWaste.debug.xcconfig */ = {isa = PBXFileReference; includeInIndex = 1; lastKnownFileType = text.xcconfig; name = "Pods-LessWaste.debug.xcconfig"; path = "Target Support Files/Pods-LessWaste/Pods-LessWaste.debug.xcconfig"; sourceTree = "<group>"; };
/* End PBXFileReference section */

/* Begin PBXFrameworksBuildPhase section */
		148D048524522C3600840A74 /* Frameworks */ = {
			isa = PBXFrameworksBuildPhase;
			buildActionMask = 2147483647;
			files = (
				52F06F9B20F62A2600E09A08 /* Pods_LessWaste.framework in Frameworks */,
			);
			runOnlyForDeploymentPostprocessing = 0;
		};
/* End PBXFrameworksBuildPhase section */

/* Begin PBXGroup section */
		148D047F24522C3600840A74 = {
			isa = PBXGroup;
			children = (
				148D048A24522C3600840A74 /* LessWaste */,
				148D048924522C3600840A74 /* Products */,
				43E871FF607D301DFF7237A1 /* Pods */,
				C384C1250A343B0743E5D172 /* Frameworks */,
			);
			sourceTree = "<group>";
		};
		148D048924522C3600840A74 /* Products */ = {
			isa = PBXGroup;
			children = (
				148D048824522C3600840A74 /* LessWaste.app */,
			);
			name = Products;
			sourceTree = "<group>";
		};
		148D048A24522C3600840A74 /* LessWaste */ = {
			isa = PBXGroup;
			children = (
				14D89B08248871B1008381FF /* Utils */,
				14E4DCAF246B101500EEB9C4 /* Models */,
				148D048B24522C3600840A74 /* AppDelegate.swift */,
				148D048D24522C3600840A74 /* SceneDelegate.swift */,
				14E4DCA6246A750A00EEB9C4 /* View */,
				14E4DC97246A49D500EEB9C4 /* Controller */,
				148D049124522C3600840A74 /* Main.storyboard */,
				148D049424522C3D00840A74 /* Assets.xcassets */,
				148D049624522C3D00840A74 /* LaunchScreen.storyboard */,
				14E4DC9C246A4DF100EEB9C4 /* GoogleService-Info.plist */,
				148D049924522C3D00840A74 /* Info.plist */,
			);
			path = LessWaste;
			sourceTree = "<group>";
		};
		14D89AE524886A41008381FF /* Login */ = {
			isa = PBXGroup;
			children = (
				14D89AE624886AEE008381FF /* LoginVC.swift */,
				14D89AE824886B39008381FF /* SignUpVC.swift */,
			);
			path = Login;
			sourceTree = "<group>";
		};
		14D89AEA24886BAE008381FF /* Feed */ = {
			isa = PBXGroup;
			children = (
				14D89AEB24886C13008381FF /* FeedVC.swift */,
				14D89AED24886C54008381FF /* CommentVC.swift */,
			);
			path = Feed;
			sourceTree = "<group>";
		};
		14D89AEF24886C7E008381FF /* Search */ = {
			isa = PBXGroup;
			children = (
				14D89AF024886CA3008381FF /* SearchVC.swift */,
			);
			path = Search;
			sourceTree = "<group>";
		};
		14D89AF224886D6A008381FF /* UploadPost */ = {
			isa = PBXGroup;
			children = (
				14D89AF424886DB5008381FF /* UploadPostViewController.swift */,
				14D89AF624886DED008381FF /* SelectImageVC.swift */,
			);
			path = UploadPost;
			sourceTree = "<group>";
		};
		14D89AFA24886ED2008381FF /* Notificacion */ = {
			isa = PBXGroup;
			children = (
				14D89AF824886EA0008381FF /* NotificationsVC.swift */,
			);
			path = Notificacion;
			sourceTree = "<group>";
		};
		14D89AFB24886EFE008381FF /* UserProfile */ = {
			isa = PBXGroup;
			children = (
				14D89AFC24886F32008381FF /* UserProfileVC.swift */,
				14D89AFE24886FEB008381FF /* FollowLikeVC.swift */,
			);
			path = UserProfile;
			sourceTree = "<group>";
		};
		14D89B08248871B1008381FF /* Utils */ = {
			isa = PBXGroup;
			children = (
				14D89B09248880FE008381FF /* Extensions.swift */,
				14D89B0B2488812F008381FF /* CustomImageView.swift */,
				14D89B0D2488814C008381FF /* Protocols.swift */,
				14E4DCA2246A54A100EEB9C4 /* Constants.swift */,
			);
			path = Utils;
			sourceTree = "<group>";
		};
		14D89B1F24888635008381FF /* Comment */ = {
			isa = PBXGroup;
			children = (
				14D89B202488867B008381FF /* CommentCell.swift */,
				14D89B22248886DB008381FF /* CommentInputAccesoryView.swift */,
				14D89B242488874A008381FF /* InputTextView.swift */,
			);
			path = Comment;
			sourceTree = "<group>";
		};
		14E4DC97246A49D500EEB9C4 /* Controller */ = {
			isa = PBXGroup;
			children = (
				14D89AFB24886EFE008381FF /* UserProfile */,
				14D89AFA24886ED2008381FF /* Notificacion */,
				14D89AF224886D6A008381FF /* UploadPost */,
				14D89AEF24886C7E008381FF /* Search */,
				14D89AEA24886BAE008381FF /* Feed */,
				14D89AE524886A41008381FF /* Login */,
				14D89AE3248869F2008381FF /* MainTabVC.swift */,
				14D89B1D24888562008381FF /* DetailPost.swift */,
			);
			path = Controller;
			sourceTree = "<group>";
		};
		14E4DCA6246A750A00EEB9C4 /* View */ = {
			isa = PBXGroup;
			children = (
				14D89B26248887B8008381FF /* NotificationCell.swift */,
				14D89B1F24888635008381FF /* Comment */,
				14D89B0F2488826A008381FF /* UserProfileHeader.swift */,
				14D89B1124888322008381FF /* SearchUserCell.swift */,
				14D89B132488834A008381FF /* FollowLikeCell.swift */,
				14D89B152488846F008381FF /* SelectPhotoCell.swift */,
				14D89B17248884C8008381FF /* SelectPhotoHeader.swift */,
				14D89B19248884F0008381FF /* UserPostCell.swift */,
				14D89B1B2488852F008381FF /* FeedCell.swift */,
			);
			path = View;
			sourceTree = "<group>";
		};
		14E4DCAF246B101500EEB9C4 /* Models */ = {
			isa = PBXGroup;
			children = (
				14D89B0024887014008381FF /* User.swift */,
				14D89B0224887030008381FF /* Post.swift */,
				14D89B0424887057008381FF /* Comment.swift */,
				14D89B0624887071008381FF /* Notificacion.swift */,
			);
			path = Models;
			sourceTree = "<group>";
		};
		43E871FF607D301DFF7237A1 /* Pods */ = {
			isa = PBXGroup;
			children = (
				B8E3F32341FEA2E6E62C50FD /* Pods-LessWaste.debug.xcconfig */,
				184D87D3B78CE74E0DB24EA5 /* Pods-LessWaste.release.xcconfig */,
			);
			path = Pods;
			sourceTree = "<group>";
		};
		C384C1250A343B0743E5D172 /* Frameworks */ = {
			isa = PBXGroup;
			children = (
				12301E73B7485B45008E5CB3 /* Pods_LessWaste.framework */,
			);
			name = Frameworks;
			sourceTree = "<group>";
		};
/* End PBXGroup section */

/* Begin PBXNativeTarget section */
		148D048724522C3600840A74 /* LessWaste */ = {
			isa = PBXNativeTarget;
			buildConfigurationList = 148D049C24522C3D00840A74 /* Build configuration list for PBXNativeTarget "LessWaste" */;
			buildPhases = (
				D9D503E990233E7D67923E57 /* [CP] Check Pods Manifest.lock */,
				148D048424522C3600840A74 /* Sources */,
				148D048524522C3600840A74 /* Frameworks */,
				148D048624522C3600840A74 /* Resources */,
				5EB6DD116F9CB13D5FB183D3 /* [CP] Embed Pods Frameworks */,
			);
			buildRules = (
			);
			dependencies = (
			);
			name = LessWaste;
			productName = LessWaste;
			productReference = 148D048824522C3600840A74 /* LessWaste.app */;
			productType = "com.apple.product-type.application";
		};
/* End PBXNativeTarget section */

/* Begin PBXProject section */
		148D048024522C3600840A74 /* Project object */ = {
			isa = PBXProject;
			attributes = {
				LastSwiftUpdateCheck = 1140;
				LastUpgradeCheck = 1140;
				ORGANIZATIONNAME = "Héctor David Hernández Rodríguez";
				TargetAttributes = {
					148D048724522C3600840A74 = {
						CreatedOnToolsVersion = 11.4.1;
					};
				};
			};
			buildConfigurationList = 148D048324522C3600840A74 /* Build configuration list for PBXProject "LessWaste" */;
			compatibilityVersion = "Xcode 9.3";
			developmentRegion = en;
			hasScannedForEncodings = 0;
			knownRegions = (
				en,
				Base,
			);
			mainGroup = 148D047F24522C3600840A74;
			productRefGroup = 148D048924522C3600840A74 /* Products */;
			projectDirPath = "";
			projectRoot = "";
			targets = (
				148D048724522C3600840A74 /* LessWaste */,
			);
		};
/* End PBXProject section */

/* Begin PBXResourcesBuildPhase section */
		148D048624522C3600840A74 /* Resources */ = {
			isa = PBXResourcesBuildPhase;
			buildActionMask = 2147483647;
			files = (
				148D049824522C3D00840A74 /* LaunchScreen.storyboard in Resources */,
				14E4DC9D246A4DF100EEB9C4 /* GoogleService-Info.plist in Resources */,
				148D049524522C3D00840A74 /* Assets.xcassets in Resources */,
				148D049324522C3600840A74 /* Main.storyboard in Resources */,
			);
			runOnlyForDeploymentPostprocessing = 0;
		};
/* End PBXResourcesBuildPhase section */

/* Begin PBXShellScriptBuildPhase section */
		5EB6DD116F9CB13D5FB183D3 /* [CP] Embed Pods Frameworks */ = {
			isa = PBXShellScriptBuildPhase;
			buildActionMask = 2147483647;
			files = (
			);
			inputFileListPaths = (
				"${PODS_ROOT}/Target Support Files/Pods-LessWaste/Pods-LessWaste-frameworks-${CONFIGURATION}-input-files.xcfilelist",
			);
			name = "[CP] Embed Pods Frameworks";
			outputFileListPaths = (
				"${PODS_ROOT}/Target Support Files/Pods-LessWaste/Pods-LessWaste-frameworks-${CONFIGURATION}-output-files.xcfilelist",
			);
			runOnlyForDeploymentPostprocessing = 0;
			shellPath = /bin/sh;
			shellScript = "\"${PODS_ROOT}/Target Support Files/Pods-LessWaste/Pods-LessWaste-frameworks.sh\"\n";
			showEnvVarsInLog = 0;
		};
		D9D503E990233E7D67923E57 /* [CP] Check Pods Manifest.lock */ = {
			isa = PBXShellScriptBuildPhase;
			buildActionMask = 2147483647;
			files = (
			);
			inputFileListPaths = (
			);
			inputPaths = (
				"${PODS_PODFILE_DIR_PATH}/Podfile.lock",
				"${PODS_ROOT}/Manifest.lock",
			);
			name = "[CP] Check Pods Manifest.lock";
			outputFileListPaths = (
			);
			outputPaths = (
				"$(DERIVED_FILE_DIR)/Pods-LessWaste-checkManifestLockResult.txt",
			);
			runOnlyForDeploymentPostprocessing = 0;
			shellPath = /bin/sh;
			shellScript = "diff \"${PODS_PODFILE_DIR_PATH}/Podfile.lock\" \"${PODS_ROOT}/Manifest.lock\" > /dev/null\nif [ $? != 0 ] ; then\n    # print error to STDERR\n    echo \"error: The sandbox is not in sync with the Podfile.lock. Run 'pod install' or update your CocoaPods installation.\" >&2\n    exit 1\nfi\n# This output is used by Xcode 'outputs' to avoid re-running this script phase.\necho \"SUCCESS\" > \"${SCRIPT_OUTPUT_FILE_0}\"\n";
			showEnvVarsInLog = 0;
		};
/* End PBXShellScriptBuildPhase section */

/* Begin PBXSourcesBuildPhase section */
		148D048424522C3600840A74 /* Sources */ = {
			isa = PBXSourcesBuildPhase;
			buildActionMask = 2147483647;
			files = (
				14D89B1A248884F0008381FF /* UserPostCell.swift in Sources */,
				14D89B27248887B9008381FF /* NotificationCell.swift in Sources */,
				148D048C24522C3600840A74 /* AppDelegate.swift in Sources */,
				14D89AEC24886C13008381FF /* FeedVC.swift in Sources */,
				148D048E24522C3600840A74 /* SceneDelegate.swift in Sources */,
				14D89AF124886CA3008381FF /* SearchVC.swift in Sources */,
				14D89B212488867B008381FF /* CommentCell.swift in Sources */,
				14D89AFF24886FEB008381FF /* FollowLikeVC.swift in Sources */,
				14D89B0524887057008381FF /* Comment.swift in Sources */,
				14E4DCA3246A54A100EEB9C4 /* Constants.swift in Sources */,
				14D89B0A248880FE008381FF /* Extensions.swift in Sources */,
				14D89AF524886DB5008381FF /* UploadPostViewController.swift in Sources */,
				14D89B0E2488814C008381FF /* Protocols.swift in Sources */,
				14D89B0C2488812F008381FF /* CustomImageView.swift in Sources */,
				14D89B102488826A008381FF /* UserProfileHeader.swift in Sources */,
				14D89AE4248869F2008381FF /* MainTabVC.swift in Sources */,
				14D89B162488846F008381FF /* SelectPhotoCell.swift in Sources */,
				14D89B23248886DB008381FF /* CommentInputAccesoryView.swift in Sources */,
				14D89B0124887014008381FF /* User.swift in Sources */,
				14D89AF924886EA0008381FF /* NotificationsVC.swift in Sources */,
				14D89B142488834A008381FF /* FollowLikeCell.swift in Sources */,
				14D89AE924886B39008381FF /* SignUpVC.swift in Sources */,
				14D89B0324887030008381FF /* Post.swift in Sources */,
				14D89AF724886DED008381FF /* SelectImageVC.swift in Sources */,
				14D89B1E24888562008381FF /* DetailPost.swift in Sources */,
				14D89B1C2488852F008381FF /* FeedCell.swift in Sources */,
				14D89B1224888322008381FF /* SearchUserCell.swift in Sources */,
				14D89AFD24886F32008381FF /* UserProfileVC.swift in Sources */,
				14D89B0724887071008381FF /* Notificacion.swift in Sources */,
				14D89AEE24886C54008381FF /* CommentVC.swift in Sources */,
				14D89AE724886AEE008381FF /* LoginVC.swift in Sources */,
				14D89B252488874A008381FF /* InputTextView.swift in Sources */,
				14D89B18248884C8008381FF /* SelectPhotoHeader.swift in Sources */,
			);
			runOnlyForDeploymentPostprocessing = 0;
		};
/* End PBXSourcesBuildPhase section */

/* Begin PBXVariantGroup section */
		148D049124522C3600840A74 /* Main.storyboard */ = {
			isa = PBXVariantGroup;
			children = (
				148D049224522C3600840A74 /* Base */,
			);
			name = Main.storyboard;
			sourceTree = "<group>";
		};
		148D049624522C3D00840A74 /* LaunchScreen.storyboard */ = {
			isa = PBXVariantGroup;
			children = (
				148D049724522C3D00840A74 /* Base */,
			);
			name = LaunchScreen.storyboard;
			sourceTree = "<group>";
		};
/* End PBXVariantGroup section */

/* Begin XCBuildConfiguration section */
		148D049A24522C3D00840A74 /* Debug */ = {
			isa = XCBuildConfiguration;
			buildSettings = {
				ALWAYS_SEARCH_USER_PATHS = NO;
				CLANG_ANALYZER_NONNULL = YES;
				CLANG_ANALYZER_NUMBER_OBJECT_CONVERSION = YES_AGGRESSIVE;
				CLANG_CXX_LANGUAGE_STANDARD = "gnu++14";
				CLANG_CXX_LIBRARY = "libc++";
				CLANG_ENABLE_MODULES = YES;
				CLANG_ENABLE_OBJC_ARC = YES;
				CLANG_ENABLE_OBJC_WEAK = YES;
				CLANG_WARN_BLOCK_CAPTURE_AUTORELEASING = YES;
				CLANG_WARN_BOOL_CONVERSION = YES;
				CLANG_WARN_COMMA = YES;
				CLANG_WARN_CONSTANT_CONVERSION = YES;
				CLANG_WARN_DEPRECATED_OBJC_IMPLEMENTATIONS = YES;
				CLANG_WARN_DIRECT_OBJC_ISA_USAGE = YES_ERROR;
				CLANG_WARN_DOCUMENTATION_COMMENTS = YES;
				CLANG_WARN_EMPTY_BODY = YES;
				CLANG_WARN_ENUM_CONVERSION = YES;
				CLANG_WARN_INFINITE_RECURSION = YES;
				CLANG_WARN_INT_CONVERSION = YES;
				CLANG_WARN_NON_LITERAL_NULL_CONVERSION = YES;
				CLANG_WARN_OBJC_IMPLICIT_RETAIN_SELF = YES;
				CLANG_WARN_OBJC_LITERAL_CONVERSION = YES;
				CLANG_WARN_OBJC_ROOT_CLASS = YES_ERROR;
				CLANG_WARN_RANGE_LOOP_ANALYSIS = YES;
				CLANG_WARN_STRICT_PROTOTYPES = YES;
				CLANG_WARN_SUSPICIOUS_MOVE = YES;
				CLANG_WARN_UNGUARDED_AVAILABILITY = YES_AGGRESSIVE;
				CLANG_WARN_UNREACHABLE_CODE = YES;
				CLANG_WARN__DUPLICATE_METHOD_MATCH = YES;
				COPY_PHASE_STRIP = NO;
				DEBUG_INFORMATION_FORMAT = dwarf;
				ENABLE_STRICT_OBJC_MSGSEND = YES;
				ENABLE_TESTABILITY = YES;
				GCC_C_LANGUAGE_STANDARD = gnu11;
				GCC_DYNAMIC_NO_PIC = NO;
				GCC_NO_COMMON_BLOCKS = YES;
				GCC_OPTIMIZATION_LEVEL = 0;
				GCC_PREPROCESSOR_DEFINITIONS = (
					"DEBUG=1",
					"$(inherited)",
				);
				GCC_WARN_64_TO_32_BIT_CONVERSION = YES;
				GCC_WARN_ABOUT_RETURN_TYPE = YES_ERROR;
				GCC_WARN_UNDECLARED_SELECTOR = YES;
				GCC_WARN_UNINITIALIZED_AUTOS = YES_AGGRESSIVE;
				GCC_WARN_UNUSED_FUNCTION = YES;
				GCC_WARN_UNUSED_VARIABLE = YES;
				IPHONEOS_DEPLOYMENT_TARGET = 13.4;
				MTL_ENABLE_DEBUG_INFO = INCLUDE_SOURCE;
				MTL_FAST_MATH = YES;
				ONLY_ACTIVE_ARCH = YES;
				SDKROOT = iphoneos;
				SWIFT_ACTIVE_COMPILATION_CONDITIONS = DEBUG;
				SWIFT_OPTIMIZATION_LEVEL = "-Onone";
			};
			name = Debug;
		};
		148D049B24522C3D00840A74 /* Release */ = {
			isa = XCBuildConfiguration;
			buildSettings = {
				ALWAYS_SEARCH_USER_PATHS = NO;
				CLANG_ANALYZER_NONNULL = YES;
				CLANG_ANALYZER_NUMBER_OBJECT_CONVERSION = YES_AGGRESSIVE;
				CLANG_CXX_LANGUAGE_STANDARD = "gnu++14";
				CLANG_CXX_LIBRARY = "libc++";
				CLANG_ENABLE_MODULES = YES;
				CLANG_ENABLE_OBJC_ARC = YES;
				CLANG_ENABLE_OBJC_WEAK = YES;
				CLANG_WARN_BLOCK_CAPTURE_AUTORELEASING = YES;
				CLANG_WARN_BOOL_CONVERSION = YES;
				CLANG_WARN_COMMA = YES;
				CLANG_WARN_CONSTANT_CONVERSION = YES;
				CLANG_WARN_DEPRECATED_OBJC_IMPLEMENTATIONS = YES;
				CLANG_WARN_DIRECT_OBJC_ISA_USAGE = YES_ERROR;
				CLANG_WARN_DOCUMENTATION_COMMENTS = YES;
				CLANG_WARN_EMPTY_BODY = YES;
				CLANG_WARN_ENUM_CONVERSION = YES;
				CLANG_WARN_INFINITE_RECURSION = YES;
				CLANG_WARN_INT_CONVERSION = YES;
				CLANG_WARN_NON_LITERAL_NULL_CONVERSION = YES;
				CLANG_WARN_OBJC_IMPLICIT_RETAIN_SELF = YES;
				CLANG_WARN_OBJC_LITERAL_CONVERSION = YES;
				CLANG_WARN_OBJC_ROOT_CLASS = YES_ERROR;
				CLANG_WARN_RANGE_LOOP_ANALYSIS = YES;
				CLANG_WARN_STRICT_PROTOTYPES = YES;
				CLANG_WARN_SUSPICIOUS_MOVE = YES;
				CLANG_WARN_UNGUARDED_AVAILABILITY = YES_AGGRESSIVE;
				CLANG_WARN_UNREACHABLE_CODE = YES;
				CLANG_WARN__DUPLICATE_METHOD_MATCH = YES;
				COPY_PHASE_STRIP = NO;
				DEBUG_INFORMATION_FORMAT = "dwarf-with-dsym";
				ENABLE_NS_ASSERTIONS = NO;
				ENABLE_STRICT_OBJC_MSGSEND = YES;
				GCC_C_LANGUAGE_STANDARD = gnu11;
				GCC_NO_COMMON_BLOCKS = YES;
				GCC_WARN_64_TO_32_BIT_CONVERSION = YES;
				GCC_WARN_ABOUT_RETURN_TYPE = YES_ERROR;
				GCC_WARN_UNDECLARED_SELECTOR = YES;
				GCC_WARN_UNINITIALIZED_AUTOS = YES_AGGRESSIVE;
				GCC_WARN_UNUSED_FUNCTION = YES;
				GCC_WARN_UNUSED_VARIABLE = YES;
				IPHONEOS_DEPLOYMENT_TARGET = 13.4;
				MTL_ENABLE_DEBUG_INFO = NO;
				MTL_FAST_MATH = YES;
				SDKROOT = iphoneos;
				SWIFT_COMPILATION_MODE = wholemodule;
				SWIFT_OPTIMIZATION_LEVEL = "-O";
				VALIDATE_PRODUCT = YES;
			};
			name = Release;
		};
		148D049D24522C3D00840A74 /* Debug */ = {
			isa = XCBuildConfiguration;
			baseConfigurationReference = B8E3F32341FEA2E6E62C50FD /* Pods-LessWaste.debug.xcconfig */;
			buildSettings = {
				ASSETCATALOG_COMPILER_APPICON_NAME = AppIcon;
				CODE_SIGN_STYLE = Automatic;
				DEVELOPMENT_TEAM = B4GQJSRRWX;
				INFOPLIST_FILE = LessWaste/Info.plist;
				LD_RUNPATH_SEARCH_PATHS = (
					"$(inherited)",
					"@executable_path/Frameworks",
				);
				PRODUCT_BUNDLE_IDENTIFIER = com.hd170998.LessWaste;
				PRODUCT_NAME = "$(TARGET_NAME)";
				SWIFT_VERSION = 5.0;
				TARGETED_DEVICE_FAMILY = "1,2";
			};
			name = Debug;
		};
		148D049E24522C3D00840A74 /* Release */ = {
			isa = XCBuildConfiguration;
			baseConfigurationReference = 184D87D3B78CE74E0DB24EA5 /* Pods-LessWaste.release.xcconfig */;
			buildSettings = {
				ASSETCATALOG_COMPILER_APPICON_NAME = AppIcon;
				CODE_SIGN_STYLE = Automatic;
				DEVELOPMENT_TEAM = B4GQJSRRWX;
				INFOPLIST_FILE = LessWaste/Info.plist;
				LD_RUNPATH_SEARCH_PATHS = (
					"$(inherited)",
					"@executable_path/Frameworks",
				);
				PRODUCT_BUNDLE_IDENTIFIER = com.hd170998.LessWaste;
				PRODUCT_NAME = "$(TARGET_NAME)";
				SWIFT_VERSION = 5.0;
				TARGETED_DEVICE_FAMILY = "1,2";
			};
			name = Release;
		};
/* End XCBuildConfiguration section */

/* Begin XCConfigurationList section */
		148D048324522C3600840A74 /* Build configuration list for PBXProject "LessWaste" */ = {
			isa = XCConfigurationList;
			buildConfigurations = (
				148D049A24522C3D00840A74 /* Debug */,
				148D049B24522C3D00840A74 /* Release */,
			);
			defaultConfigurationIsVisible = 0;
			defaultConfigurationName = Release;
		};
		148D049C24522C3D00840A74 /* Build configuration list for PBXNativeTarget "LessWaste" */ = {
			isa = XCConfigurationList;
			buildConfigurations = (
				148D049D24522C3D00840A74 /* Debug */,
				148D049E24522C3D00840A74 /* Release */,
			);
			defaultConfigurationIsVisible = 0;
			defaultConfigurationName = Release;
		};
/* End XCConfigurationList section */
	};
	rootObject = 148D048024522C3600840A74 /* Project object */;
}
